
Microsoft Visual Studio Solution File, Format Version 12.00
# Visual Studio Version 17
VisualStudioVersion = 17.3.32922.545
MinimumVisualStudioVersion = 10.0.40219.1
Project("{FAE04EC0-301F-11D3-BF4B-00C04F79EFBC}") = "Lab10", "Lab10.csproj", "{C7B333A1-BB5E-4243-8AE9-FD9B06264370}"
EndProject
Global
	GlobalSection(SolutionConfigurationPlatforms) = preSolution
		Debug|Any CPU = Debug|Any CPU
		Release|Any CPU = Release|Any CPU
	EndGlobalSection
	GlobalSection(ProjectConfigurationPlatforms) = postSolution
		{C7B333A1-BB5E-4243-8AE9-FD9B06264370}.Debug|Any CPU.ActiveCfg = Debug|Any CPU
		{C7B333A1-BB5E-4243-8AE9-FD9B06264370}.Debug|Any CPU.Build.0 = Debug|Any CPU
		{C7B333A1-BB5E-4243-8AE9-FD9B06264370}.Release|Any CPU.ActiveCfg = Release|Any CPU
		{C7B333A1-BB5E-4243-8AE9-FD9B06264370}.Release|Any CPU.Build.0 = Release|Any CPU
	EndGlobalSection
	GlobalSection(SolutionProperties) = preSolution
		HideSolutionNode = FALSE
	EndGlobalSection
	GlobalSection(ExtensibilityGlobals) = postSolution
		SolutionGuid = {A194CF4D-BC3F-4A46-8BAE-89739635522F}
	EndGlobalSection
EndGlobal
